{
  "name": "csso",
  "version": "1.4.1",
  "lockfileVersion": 1,
  "requires": true,
  "dependencies": {
    "@types/css-tree": {
      "version": "1.0.0",
      "resolved": "https://registry.npmjs.org/@types/css-tree/-/css-tree-1.0.0.tgz",
      "integrity": "sha512-JQLJu+zZfCWhW2KnUbXe2Qd1ieI6W9m9txvoiNO9Gy4tyMGn4aVvt8aE/GaTc96a3Mqy/mN/2buo0m8sI3bRZw==",
      "dev": true
    },
    "@types/csso": {
      "version": "3.5.1",
      "resolved": "https://registry.npmjs.org/@types/csso/-/csso-3.5.1.tgz",
      "integrity": "sha512-NnALC1ZR5H4kg/9wUOa8/U2HOAwN4O71Av90HClgCteuwj6UHBEr37I0Cl10EY2gHd5p/JtsbY2r0WbOhYN+gw==",
      "dev": true,
      "requires": {
        "@types/css-tree": "*"
      }
    },
    "@types/vscode": {
      "version": "1.50.0",
      "resolved": "https://registry.npmjs.org/@types/vscode/-/vscode-1.50.0.tgz",
      "integrity": "sha512-QnIeyi4L2DiD9M2bAQKRzT/EQvc80qP9UL6JD5TiLlNRL1khIDg4ej4mDSRbtFrDAsRntFI1RhMvdomUThMsqg==",
      "dev": true
    },
    "css-tree": {
      "version": "1.0.0",
      "resolved": "https://registry.npmjs.org/css-tree/-/css-tree-1.0.0.tgz",
      "integrity": "sha512-CdVYz/Yuqw0VdKhXPBIgi8DO3NicJVYZNWeX9XcIuSp9ZoFT5IcleVRW07O5rMjdcx1mb+MEJPknTTEW7DdsYw==",
      "requires": {
        "mdn-data": "2.0.12",
        "source-map": "^0.6.1"
      }
    },
    "csso": {
      "version": "4.1.0",
      "resolved": "https://registry.npmjs.org/csso/-/csso-4.1.0.tgz",
      "integrity": "sha512-h+6w/W1WqXaJA4tb1dk7r5tVbOm97MsKxzwnvOR04UQ6GILroryjMWu3pmCCtL2mLaEStQ0fZgeGiy99mo7iyg==",
      "requires": {
        "css-tree": "^1.0.0"
      }
    },
    "mdn-data": {
      "version": "2.0.12",
      "resolved": "https://registry.npmjs.org/mdn-data/-/mdn-data-2.0.12.tgz",
      "integrity": "sha512-ULbAlgzVb8IqZ0Hsxm6hHSlQl3Jckst2YEQS7fODu9ilNWy2LvcoSY7TRFIktABP2mdppBioc66va90T+NUs8Q=="
    },
    "source-map": {
      "version": "0.6.1",
      "resolved": "https://registry.npmjs.org/source-map/-/source-map-0.6.1.tgz",
      "integrity": "sha512-UjgapumWlbMhkBgzT7Ykc5YXUT46F0iKu8SGXq0bcwP5dz/h0Plj6enJqjz1Zbq2l5WaqYnrVbwWOWMyF3F47g=="
    },
    "typescript": {
      "version": "4.0.5",
      "resolved": "https://registry.npmjs.org/typescript/-/typescript-4.0.5.tgz",
      "integrity": "sha512-ywmr/VrTVCmNTJ6iV2LwIrfG1P+lv6luD8sUJs+2eI9NLGigaN+nUQc13iHqisq7bra9lnmUSYqbJvegraBOPQ==",
      "dev": true
    },
    "vscode-set-selected-text": {
      "version": "1.0.0",
      "resolved": "https://registry.npmjs.org/vscode-set-selected-text/-/vscode-set-selected-text-1.0.0.tgz",
      "integrity": "sha512-yTp6Dfr0p+fLnLFhNwP239DtKdFF1eRye9e/pBeYHEc3/ZHbxISsowd5+JNQz9zAAYWYI5f3PiEkOkpgoHAh3w=="
    },
    "vscode-set-text": {
      "version": "1.0.0",
      "resolved": "https://registry.npmjs.org/vscode-set-text/-/vscode-set-text-1.0.0.tgz",
      "integrity": "sha1-z3MkV/8USL5e2aCUXblk4envJlg="
    }
  }
}
