{
  "name": "csso",
  "version": "0.0.0",
  "lockfileVersion": 1,
  "requires": true,
  "dependencies": {
    "css-tree": {
      "version": "1.0.0-alpha.27",
      "resolved": "https://registry.npmjs.org/css-tree/-/css-tree-1.0.0-alpha.27.tgz",
      "integrity": "sha512-BAYp9FyN4jLXjfvRpTDchBllDptqlK9I7OsagXCG9Am5C+5jc8eRZHgqb9x500W2OKS14MMlpQc/nmh/aA7TEQ==",
      "requires": {
        "mdn-data": "1.1.0",
        "source-map": "0.5.7"
      }
    },
    "csso": {
      "version": "3.5.0",
      "resolved": "https://registry.npmjs.org/csso/-/csso-3.5.0.tgz",
      "integrity": "sha512-WtJjFP3ZsSdWhiZr4/k1B9uHPgYjFYnDxfbaJxk1hz5PDLIJ5BCRWkJqaztZ0DbP8d2ZIVwUPIJb2YmCwkPaMw==",
      "requires": {
        "css-tree": "1.0.0-alpha.27"
      }
    },
    "mdn-data": {
      "version": "1.1.0",
      "resolved": "https://registry.npmjs.org/mdn-data/-/mdn-data-1.1.0.tgz",
      "integrity": "sha512-jC6B3BFC07cCOU8xx1d+sQtDkVIpGKWv4TzK7pN7PyObdbwlIFJbHYk8ofvr0zrU8SkV1rSi87KAHhWCdLGw1Q=="
    },
    "source-map": {
      "version": "0.5.7",
      "resolved": "https://registry.npmjs.org/source-map/-/source-map-0.5.7.tgz",
      "integrity": "sha1-igOdLRAh0i0eoUyA2OpGi6LvP8w="
    }
  }
}
