{
  "name": "csso",
  "version": "1.1.0",
  "lockfileVersion": 1,
  "requires": true,
  "dependencies": {
    "@types/css-tree": {
      "version": "1.0.0",
      "resolved": "https://registry.npmjs.org/@types/css-tree/-/css-tree-1.0.0.tgz",
      "integrity": "sha512-JQLJu+zZfCWhW2KnUbXe2Qd1ieI6W9m9txvoiNO9Gy4tyMGn4aVvt8aE/GaTc96a3Mqy/mN/2buo0m8sI3bRZw==",
      "dev": true
    },
    "@types/csso": {
      "version": "3.5.1",
      "resolved": "https://registry.npmjs.org/@types/csso/-/csso-3.5.1.tgz",
      "integrity": "sha512-NnALC1ZR5H4kg/9wUOa8/U2HOAwN4O71Av90HClgCteuwj6UHBEr37I0Cl10EY2gHd5p/JtsbY2r0WbOhYN+gw==",
      "dev": true,
      "requires": {
        "@types/css-tree": "*"
      }
    },
    "@types/node": {
      "version": "12.12.42",
      "resolved": "https://registry.npmjs.org/@types/node/-/node-12.12.42.tgz",
      "integrity": "sha512-R/9QdYFLL9dE9l5cWWzWIZByVGFd7lk7JVOJ7KD+E1SJ4gni7XJRLz9QTjyYQiHIqEAgku9VgxdLjMlhhUaAFg==",
      "dev": true
    },
    "@types/vscode": {
      "version": "1.45.1",
      "resolved": "https://registry.npmjs.org/@types/vscode/-/vscode-1.45.1.tgz",
      "integrity": "sha512-0NO9qrrEJBO8FsqHCrFMgR2suKnwCsKBWvRSb2OzH5gs4i3QO5AhEMQYrSzDbU/wLPt7N617/rN9lPY213gmwg==",
      "dev": true
    },
    "buffer-from": {
      "version": "1.1.1",
      "resolved": "https://registry.npmjs.org/buffer-from/-/buffer-from-1.1.1.tgz",
      "integrity": "sha512-MQcXEUbCKtEo7bhqEs6560Hyd4XaovZlO/k9V3hjVUF/zwW7KBVdSK4gIt/bzwS9MbR5qob+F5jusZsb0YQK2A==",
      "dev": true
    },
    "commander": {
      "version": "2.20.3",
      "resolved": "https://registry.npmjs.org/commander/-/commander-2.20.3.tgz",
      "integrity": "sha512-GpVkmM8vF2vQUkj2LvZmD35JxeJOLCwJ9cUkugyk2nuhbv3+mJvpLYYt+0+USMxE+oj+ey/lJEnhZw75x/OMcQ==",
      "dev": true
    },
    "css-tree": {
      "version": "1.0.0-alpha.39",
      "resolved": "https://registry.npmjs.org/css-tree/-/css-tree-1.0.0-alpha.39.tgz",
      "integrity": "sha512-7UvkEYgBAHRG9Nt980lYxjsTrCyHFN53ky3wVsDkiMdVqylqRt+Zc+jm5qw7/qyOvN2dHSYtX0e4MbCCExSvnA==",
      "requires": {
        "mdn-data": "2.0.6",
        "source-map": "^0.6.1"
      }
    },
    "csso": {
      "version": "4.0.3",
      "resolved": "https://registry.npmjs.org/csso/-/csso-4.0.3.tgz",
      "integrity": "sha512-NL3spysxUkcrOgnpsT4Xdl2aiEiBG6bXswAABQVHcMrfjjBisFOKwLDOmf4wf32aPdcJws1zds2B0Rg+jqMyHQ==",
      "requires": {
        "css-tree": "1.0.0-alpha.39"
      }
    },
    "mdn-data": {
      "version": "2.0.6",
      "resolved": "https://registry.npmjs.org/mdn-data/-/mdn-data-2.0.6.tgz",
      "integrity": "sha512-rQvjv71olwNHgiTbfPZFkJtjNMciWgswYeciZhtvWLO8bmX3TnhyA62I6sTWOyZssWHJJjY6/KiWwqQsWWsqOA=="
    },
    "source-map": {
      "version": "0.6.1",
      "resolved": "https://registry.npmjs.org/source-map/-/source-map-0.6.1.tgz",
      "integrity": "sha512-UjgapumWlbMhkBgzT7Ykc5YXUT46F0iKu8SGXq0bcwP5dz/h0Plj6enJqjz1Zbq2l5WaqYnrVbwWOWMyF3F47g=="
    },
    "source-map-support": {
      "version": "0.5.19",
      "resolved": "https://registry.npmjs.org/source-map-support/-/source-map-support-0.5.19.tgz",
      "integrity": "sha512-Wonm7zOCIJzBGQdB+thsPar0kYuCIzYvxZwlBa87yi/Mdjv7Tip2cyVbLj5o0cFPN4EVkuTwb3GDDyUx2DGnGw==",
      "dev": true,
      "requires": {
        "buffer-from": "^1.0.0",
        "source-map": "^0.6.0"
      }
    },
    "terser": {
      "version": "4.7.0",
      "resolved": "https://registry.npmjs.org/terser/-/terser-4.7.0.tgz",
      "integrity": "sha512-Lfb0RiZcjRDXCC3OSHJpEkxJ9Qeqs6mp2v4jf2MHfy8vGERmVDuvjXdd/EnP5Deme5F2yBRBymKmKHCBg2echw==",
      "dev": true,
      "requires": {
        "commander": "^2.20.0",
        "source-map": "~0.6.1",
        "source-map-support": "~0.5.12"
      }
    },
    "typescript": {
      "version": "3.9.3",
      "resolved": "https://registry.npmjs.org/typescript/-/typescript-3.9.3.tgz",
      "integrity": "sha512-D/wqnB2xzNFIcoBG9FG8cXRDjiqSTbG2wd8DMZeQyJlP1vfTkIxH4GKveWaEBYySKIg+USu+E+EDIR47SqnaMQ==",
      "dev": true
    },
    "vscode-set-text": {
      "version": "1.0.0",
      "resolved": "https://registry.npmjs.org/vscode-set-text/-/vscode-set-text-1.0.0.tgz",
      "integrity": "sha1-z3MkV/8USL5e2aCUXblk4envJlg="
    }
  }
}
